
Microsoft Visual Studio Solution File, Format Version 12.00
# Visual Studio Version 16
VisualStudioVersion = 16.0.31911.196
MinimumVisualStudioVersion = 10.0.40219.1
Project("{FAE04EC0-301F-11D3-BF4B-00C04F79EFBC}") = "WindowsService2", "WindowsService2\WindowsService2.csproj", "{BCEF12B0-196C-4614-8038-B9AC0E2DD1FA}"
EndProject
Global
	GlobalSection(SolutionConfigurationPlatforms) = preSolution
		Debug|Any CPU = Debug|Any CPU
		Release|Any CPU = Release|Any CPU
	EndGlobalSection
	GlobalSection(ProjectConfigurationPlatforms) = postSolution
		{BCEF12B0-196C-4614-8038-B9AC0E2DD1FA}.Debug|Any CPU.ActiveCfg = Debug|Any CPU
		{BCEF12B0-196C-4614-8038-B9AC0E2DD1FA}.Debug|Any CPU.Build.0 = Debug|Any CPU
		{BCEF12B0-196C-4614-8038-B9AC0E2DD1FA}.Release|Any CPU.ActiveCfg = Release|Any CPU
		{BCEF12B0-196C-4614-8038-B9AC0E2DD1FA}.Release|Any CPU.Build.0 = Release|Any CPU
	EndGlobalSection
	GlobalSection(SolutionProperties) = preSolution
		HideSolutionNode = FALSE
	EndGlobalSection
	GlobalSection(ExtensibilityGlobals) = postSolution
		SolutionGuid = {2A3F2D8B-D827-4D4E-B777-2AAA759D5100}
	EndGlobalSection
EndGlobal
